// !$*UTF8*$!
{
	archiveVersion = 1;
	classes = {
	};
	objectVersion = 46;
	objects = {

/* Begin PBXBuildFile section */
		45581F021C7E90BC00A86E3D /* AppDelegate.swift in Sources */ = {isa = PBXBuildFile; fileRef = 45581F011C7E90BC00A86E3D /* AppDelegate.swift */; };
		45581F041C7E90BC00A86E3D /* ViewController.swift in Sources */ = {isa = PBXBuildFile; fileRef = 45581F031C7E90BC00A86E3D /* ViewController.swift */; };
		45581F071C7E90BD00A86E3D /* Main.storyboard in Resources */ = {isa = PBXBuildFile; fileRef = 45581F051C7E90BD00A86E3D /* Main.storyboard */; };
		45581F091C7E90BD00A86E3D /* Assets.xcassets in Resources */ = {isa = PBXBuildFile; fileRef = 45581F081C7E90BD00A86E3D /* Assets.xcassets */; };
		45581F0C1C7E90BD00A86E3D /* LaunchScreen.storyboard in Resources */ = {isa = PBXBuildFile; fileRef = 45581F0A1C7E90BD00A86E3D /* LaunchScreen.storyboard */; };
		45581F171C7E90BD00A86E3D /* alphabetMatchingTests.swift in Sources */ = {isa = PBXBuildFile; fileRef = 45581F161C7E90BD00A86E3D /* alphabetMatchingTests.swift */; };
		45581F221C7E90BD00A86E3D /* alphabetMatchingUITests.swift in Sources */ = {isa = PBXBuildFile; fileRef = 45581F211C7E90BD00A86E3D /* alphabetMatchingUITests.swift */; };
		4599C8C11C7FF279008C9679 /* gameCompleteViewController.swift in Sources */ = {isa = PBXBuildFile; fileRef = 4599C8C01C7FF279008C9679 /* gameCompleteViewController.swift */; };
		4599C8CA1C7FFD23008C9679 /* balloon8.tiff in Resources */ = {isa = PBXBuildFile; fileRef = 4599C8C21C7FFD23008C9679 /* balloon8.tiff */; };
		4599C8CB1C7FFD23008C9679 /* balloon5.tiff in Resources */ = {isa = PBXBuildFile; fileRef = 4599C8C31C7FFD23008C9679 /* balloon5.tiff */; };
		4599C8CC1C7FFD23008C9679 /* balloon6.tiff in Resources */ = {isa = PBXBuildFile; fileRef = 4599C8C41C7FFD23008C9679 /* balloon6.tiff */; };
		4599C8CD1C7FFD23008C9679 /* balloon7.tiff in Resources */ = {isa = PBXBuildFile; fileRef = 4599C8C51C7FFD23008C9679 /* balloon7.tiff */; };
		4599C8CE1C7FFD23008C9679 /* balloon1.tiff in Resources */ = {isa = PBXBuildFile; fileRef = 4599C8C61C7FFD23008C9679 /* balloon1.tiff */; };
		4599C8CF1C7FFD23008C9679 /* balloon2.tiff in Resources */ = {isa = PBXBuildFile; fileRef = 4599C8C71C7FFD23008C9679 /* balloon2.tiff */; };
		4599C8D01C7FFD23008C9679 /* balloon3.tiff in Resources */ = {isa = PBXBuildFile; fileRef = 4599C8C81C7FFD23008C9679 /* balloon3.tiff */; };
		4599C8D11C7FFD23008C9679 /* balloon4.tiff in Resources */ = {isa = PBXBuildFile; fileRef = 4599C8C91C7FFD23008C9679 /* balloon4.tiff */; };
		D641CD0F1C810E3C00C0446E /* blank.png in Resources */ = {isa = PBXBuildFile; fileRef = D641CD0E1C810E3C00C0446E /* blank.png */; };
		D6A02BA81C7E9E00000063F8 /* AVFoundation.framework in Frameworks */ = {isa = PBXBuildFile; fileRef = D6A02BA71C7E9E00000063F8 /* AVFoundation.framework */; };
		D6A02BAA1C7E9E18000063F8 /* AVAudioPlayerPool.swift in Sources */ = {isa = PBXBuildFile; fileRef = D6A02BA91C7E9E18000063F8 /* AVAudioPlayerPool.swift */; };
		D6A02BAC1C7E9E60000063F8 /* incorrectSound.wav in Resources */ = {isa = PBXBuildFile; fileRef = D6A02BAB1C7E9E60000063F8 /* incorrectSound.wav */; };
		D6A02BB31C7E9E9C000063F8 /* goodJob.wav in Resources */ = {isa = PBXBuildFile; fileRef = D6A02BAD1C7E9E9C000063F8 /* goodJob.wav */; };
		D6A02BB41C7E9E9C000063F8 /* nice.wav in Resources */ = {isa = PBXBuildFile; fileRef = D6A02BAE1C7E9E9C000063F8 /* nice.wav */; };
		D6A02BB51C7E9E9C000063F8 /* way2Go.wav in Resources */ = {isa = PBXBuildFile; fileRef = D6A02BAF1C7E9E9C000063F8 /* way2Go.wav */; };
		D6A02BB61C7E9E9C000063F8 /* wow.wav in Resources */ = {isa = PBXBuildFile; fileRef = D6A02BB01C7E9E9C000063F8 /* wow.wav */; };
		D6A02BB71C7E9E9C000063F8 /* yeahCheer.wav in Resources */ = {isa = PBXBuildFile; fileRef = D6A02BB11C7E9E9C000063F8 /* yeahCheer.wav */; };
		D6A02BB81C7E9E9C000063F8 /* youDidIt.wav in Resources */ = {isa = PBXBuildFile; fileRef = D6A02BB21C7E9E9C000063F8 /* youDidIt.wav */; };
		D6A02BDA1C7EA382000063F8 /* shark.png in Resources */ = {isa = PBXBuildFile; fileRef = D6A02BD01C7EA382000063F8 /* shark.png */; };
		D6A02BDB1C7EA382000063F8 /* nemo2.png in Resources */ = {isa = PBXBuildFile; fileRef = D6A02BD11C7EA382000063F8 /* nemo2.png */; };
		D6A02BDC1C7EA382000063F8 /* seagull.png in Resources */ = {isa = PBXBuildFile; fileRef = D6A02BD21C7EA382000063F8 /* seagull.png */; };
		D6A02BDD1C7EA382000063F8 /* lobster.png in Resources */ = {isa = PBXBuildFile; fileRef = D6A02BD31C7EA382000063F8 /* lobster.png */; };
		D6A02BDE1C7EA382000063F8 /* octupus.png in Resources */ = {isa = PBXBuildFile; fileRef = D6A02BD41C7EA382000063F8 /* octupus.png */; };
		D6A02BDF1C7EA382000063F8 /* seal.png in Resources */ = {isa = PBXBuildFile; fileRef = D6A02BD51C7EA382000063F8 /* seal.png */; };
		D6A02BE01C7EA382000063F8 /* turtle.png in Resources */ = {isa = PBXBuildFile; fileRef = D6A02BD61C7EA382000063F8 /* turtle.png */; };
		D6A02BE11C7EA382000063F8 /* nemo.png in Resources */ = {isa = PBXBuildFile; fileRef = D6A02BD71C7EA382000063F8 /* nemo.png */; };
		D6A02BE21C7EA382000063F8 /* dolphin.png in Resources */ = {isa = PBXBuildFile; fileRef = D6A02BD81C7EA382000063F8 /* dolphin.png */; };
		D6A02BE31C7EA382000063F8 /* seahorse.png in Resources */ = {isa = PBXBuildFile; fileRef = D6A02BD91C7EA382000063F8 /* seahorse.png */; };
		D6A02BE51C7EADEA000063F8 /* no.wav in Resources */ = {isa = PBXBuildFile; fileRef = D6A02BE41C7EADEA000063F8 /* no.wav */; };
		D6A02BE71C7EAE7E000063F8 /* xWrong.png in Resources */ = {isa = PBXBuildFile; fileRef = D6A02BE61C7EAE7E000063F8 /* xWrong.png */; };
		D6A02BE91C7EB157000063F8 /* beach.png in Resources */ = {isa = PBXBuildFile; fileRef = D6A02BE81C7EB157000063F8 /* beach.png */; };
/* End PBXBuildFile section */

/* Begin PBXContainerItemProxy section */
		45581F131C7E90BD00A86E3D /* PBXContainerItemProxy */ = {
			isa = PBXContainerItemProxy;
			containerPortal = 45581EF61C7E90BC00A86E3D /* Project object */;
			proxyType = 1;
			remoteGlobalIDString = 45581EFD1C7E90BC00A86E3D;
			remoteInfo = alphabetMatching;
		};
		45581F1E1C7E90BD00A86E3D /* PBXContainerItemProxy */ = {
			isa = PBXContainerItemProxy;
			containerPortal = 45581EF61C7E90BC00A86E3D /* Project object */;
			proxyType = 1;
			remoteGlobalIDString = 45581EFD1C7E90BC00A86E3D;
			remoteInfo = alphabetMatching;
		};
/* End PBXContainerItemProxy section */

/* Begin PBXFileReference section */
		45581EFE1C7E90BC00A86E3D /* alphabetMatching.app */ = {isa = PBXFileReference; explicitFileType = wrapper.application; includeInIndex = 0; path = alphabetMatching.app; sourceTree = BUILT_PRODUCTS_DIR; };
		45581F011C7E90BC00A86E3D /* AppDelegate.swift */ = {isa = PBXFileReference; lastKnownFileType = sourcecode.swift; path = AppDelegate.swift; sourceTree = "<group>"; };
		45581F031C7E90BC00A86E3D /* ViewController.swift */ = {isa = PBXFileReference; lastKnownFileType = sourcecode.swift; path = ViewController.swift; sourceTree = "<group>"; };
		45581F061C7E90BD00A86E3D /* Base */ = {isa = PBXFileReference; lastKnownFileType = file.storyboard; name = Base; path = Base.lproj/Main.storyboard; sourceTree = "<group>"; };
		45581F081C7E90BD00A86E3D /* Assets.xcassets */ = {isa = PBXFileReference; lastKnownFileType = folder.assetcatalog; path = Assets.xcassets; sourceTree = "<group>"; };
		45581F0B1C7E90BD00A86E3D /* Base */ = {isa = PBXFileReference; lastKnownFileType = file.storyboard; name = Base; path = Base.lproj/LaunchScreen.storyboard; sourceTree = "<group>"; };
		45581F0D1C7E90BD00A86E3D /* Info.plist */ = {isa = PBXFileReference; lastKnownFileType = text.plist.xml; path = Info.plist; sourceTree = "<group>"; };
		45581F121C7E90BD00A86E3D /* alphabetMatchingTests.xctest */ = {isa = PBXFileReference; explicitFileType = wrapper.cfbundle; includeInIndex = 0; path = alphabetMatchingTests.xctest; sourceTree = BUILT_PRODUCTS_DIR; };
		45581F161C7E90BD00A86E3D /* alphabetMatchingTests.swift */ = {isa = PBXFileReference; lastKnownFileType = sourcecode.swift; path = alphabetMatchingTests.swift; sourceTree = "<group>"; };
		45581F181C7E90BD00A86E3D /* Info.plist */ = {isa = PBXFileReference; lastKnownFileType = text.plist.xml; path = Info.plist; sourceTree = "<group>"; };
		45581F1D1C7E90BD00A86E3D /* alphabetMatchingUITests.xctest */ = {isa = PBXFileReference; explicitFileType = wrapper.cfbundle; includeInIndex = 0; path = alphabetMatchingUITests.xctest; sourceTree = BUILT_PRODUCTS_DIR; };
		45581F211C7E90BD00A86E3D /* alphabetMatchingUITests.swift */ = {isa = PBXFileReference; lastKnownFileType = sourcecode.swift; path = alphabetMatchingUITests.swift; sourceTree = "<group>"; };
		45581F231C7E90BD00A86E3D /* Info.plist */ = {isa = PBXFileReference; lastKnownFileType = text.plist.xml; path = Info.plist; sourceTree = "<group>"; };
		4599C8C01C7FF279008C9679 /* gameCompleteViewController.swift */ = {isa = PBXFileReference; fileEncoding = 4; lastKnownFileType = sourcecode.swift; name = gameCompleteViewController.swift; path = ../gameCompleteViewController.swift; sourceTree = "<group>"; };
		4599C8C21C7FFD23008C9679 /* balloon8.tiff */ = {isa = PBXFileReference; lastKnownFileType = image.tiff; path = balloon8.tiff; sourceTree = "<group>"; };
		4599C8C31C7FFD23008C9679 /* balloon5.tiff */ = {isa = PBXFileReference; lastKnownFileType = image.tiff; path = balloon5.tiff; sourceTree = "<group>"; };
		4599C8C41C7FFD23008C9679 /* balloon6.tiff */ = {isa = PBXFileReference; lastKnownFileType = image.tiff; path = balloon6.tiff; sourceTree = "<group>"; };
		4599C8C51C7FFD23008C9679 /* balloon7.tiff */ = {isa = PBXFileReference; lastKnownFileType = image.tiff; path = balloon7.tiff; sourceTree = "<group>"; };
		4599C8C61C7FFD23008C9679 /* balloon1.tiff */ = {isa = PBXFileReference; lastKnownFileType = image.tiff; path = balloon1.tiff; sourceTree = "<group>"; };
		4599C8C71C7FFD23008C9679 /* balloon2.tiff */ = {isa = PBXFileReference; lastKnownFileType = image.tiff; path = balloon2.tiff; sourceTree = "<group>"; };
		4599C8C81C7FFD23008C9679 /* balloon3.tiff */ = {isa = PBXFileReference; lastKnownFileType = image.tiff; path = balloon3.tiff; sourceTree = "<group>"; };
		4599C8C91C7FFD23008C9679 /* balloon4.tiff */ = {isa = PBXFileReference; lastKnownFileType = image.tiff; path = balloon4.tiff; sourceTree = "<group>"; };
		D641CD0E1C810E3C00C0446E /* blank.png */ = {isa = PBXFileReference; lastKnownFileType = image.png; path = blank.png; sourceTree = "<group>"; };
		D6A02BA71C7E9E00000063F8 /* AVFoundation.framework */ = {isa = PBXFileReference; lastKnownFileType = wrapper.framework; name = AVFoundation.framework; path = System/Library/Frameworks/AVFoundation.framework; sourceTree = SDKROOT; };
		D6A02BA91C7E9E18000063F8 /* AVAudioPlayerPool.swift */ = {isa = PBXFileReference; fileEncoding = 4; lastKnownFileType = sourcecode.swift; path = AVAudioPlayerPool.swift; sourceTree = "<group>"; };
		D6A02BAB1C7E9E60000063F8 /* incorrectSound.wav */ = {isa = PBXFileReference; lastKnownFileType = audio.wav; path = incorrectSound.wav; sourceTree = "<group>"; };
		D6A02BAD1C7E9E9C000063F8 /* goodJob.wav */ = {isa = PBXFileReference; lastKnownFileType = audio.wav; path = goodJob.wav; sourceTree = "<group>"; };
		D6A02BAE1C7E9E9C000063F8 /* nice.wav */ = {isa = PBXFileReference; lastKnownFileType = audio.wav; path = nice.wav; sourceTree = "<group>"; };
		D6A02BAF1C7E9E9C000063F8 /* way2Go.wav */ = {isa = PBXFileReference; lastKnownFileType = audio.wav; path = way2Go.wav; sourceTree = "<group>"; };
		D6A02BB01C7E9E9C000063F8 /* wow.wav */ = {isa = PBXFileReference; lastKnownFileType = audio.wav; path = wow.wav; sourceTree = "<group>"; };
		D6A02BB11C7E9E9C000063F8 /* yeahCheer.wav */ = {isa = PBXFileReference; lastKnownFileType = audio.wav; path = yeahCheer.wav; sourceTree = "<group>"; };
		D6A02BB21C7E9E9C000063F8 /* youDidIt.wav */ = {isa = PBXFileReference; lastKnownFileType = audio.wav; path = youDidIt.wav; sourceTree = "<group>"; };
		D6A02BD01C7EA382000063F8 /* shark.png */ = {isa = PBXFileReference; lastKnownFileType = image.png; path = shark.png; sourceTree = "<group>"; };
		D6A02BD11C7EA382000063F8 /* nemo2.png */ = {isa = PBXFileReference; lastKnownFileType = image.png; path = nemo2.png; sourceTree = "<group>"; };
		D6A02BD21C7EA382000063F8 /* seagull.png */ = {isa = PBXFileReference; lastKnownFileType = image.png; path = seagull.png; sourceTree = "<group>"; };
		D6A02BD31C7EA382000063F8 /* lobster.png */ = {isa = PBXFileReference; lastKnownFileType = image.png; path = lobster.png; sourceTree = "<group>"; };
		D6A02BD41C7EA382000063F8 /* octupus.png */ = {isa = PBXFileReference; lastKnownFileType = image.png; path = octupus.png; sourceTree = "<group>"; };
		D6A02BD51C7EA382000063F8 /* seal.png */ = {isa = PBXFileReference; lastKnownFileType = image.png; path = seal.png; sourceTree = "<group>"; };
		D6A02BD61C7EA382000063F8 /* turtle.png */ = {isa = PBXFileReference; lastKnownFileType = image.png; path = turtle.png; sourceTree = "<group>"; };
		D6A02BD71C7EA382000063F8 /* nemo.png */ = {isa = PBXFileReference; lastKnownFileType = image.png; path = nemo.png; sourceTree = "<group>"; };
		D6A02BD81C7EA382000063F8 /* dolphin.png */ = {isa = PBXFileReference; lastKnownFileType = image.png; path = dolphin.png; sourceTree = "<group>"; };
		D6A02BD91C7EA382000063F8 /* seahorse.png */ = {isa = PBXFileReference; lastKnownFileType = image.png; path = seahorse.png; sourceTree = "<group>"; };
		D6A02BE41C7EADEA000063F8 /* no.wav */ = {isa = PBXFileReference; lastKnownFileType = audio.wav; path = no.wav; sourceTree = "<group>"; };
		D6A02BE61C7EAE7E000063F8 /* xWrong.png */ = {isa = PBXFileReference; lastKnownFileType = image.png; path = xWrong.png; sourceTree = "<group>"; };
		D6A02BE81C7EB157000063F8 /* beach.png */ = {isa = PBXFileReference; lastKnownFileType = image.png; path = beach.png; sourceTree = "<group>"; };
/* End PBXFileReference section */

/* Begin PBXFrameworksBuildPhase section */
		45581EFB1C7E90BC00A86E3D /* Frameworks */ = {
			isa = PBXFrameworksBuildPhase;
			buildActionMask = 2147483647;
			files = (
				D6A02BA81C7E9E00000063F8 /* AVFoundation.framework in Frameworks */,
			);
			runOnlyForDeploymentPostprocessing = 0;
		};
		45581F0F1C7E90BD00A86E3D /* Frameworks */ = {
			isa = PBXFrameworksBuildPhase;
			buildActionMask = 2147483647;
			files = (
			);
			runOnlyForDeploymentPostprocessing = 0;
		};
		45581F1A1C7E90BD00A86E3D /* Frameworks */ = {
			isa = PBXFrameworksBuildPhase;
			buildActionMask = 2147483647;
			files = (
			);
			runOnlyForDeploymentPostprocessing = 0;
		};
/* End PBXFrameworksBuildPhase section */

/* Begin PBXGroup section */
		45581EF51C7E90BC00A86E3D = {
			isa = PBXGroup;
			children = (
				D6A02BA91C7E9E18000063F8 /* AVAudioPlayerPool.swift */,
				D6A02BA71C7E9E00000063F8 /* AVFoundation.framework */,
				45581F001C7E90BC00A86E3D /* alphabetMatching */,
				45581F151C7E90BD00A86E3D /* alphabetMatchingTests */,
				45581F201C7E90BD00A86E3D /* alphabetMatchingUITests */,
				45581EFF1C7E90BC00A86E3D /* Products */,
			);
			sourceTree = "<group>";
		};
		45581EFF1C7E90BC00A86E3D /* Products */ = {
			isa = PBXGroup;
			children = (
				45581EFE1C7E90BC00A86E3D /* alphabetMatching.app */,
				45581F121C7E90BD00A86E3D /* alphabetMatchingTests.xctest */,
				45581F1D1C7E90BD00A86E3D /* alphabetMatchingUITests.xctest */,
			);
			name = Products;
			sourceTree = "<group>";
		};
		45581F001C7E90BC00A86E3D /* alphabetMatching */ = {
			isa = PBXGroup;
			children = (
				D6A02BCF1C7EA377000063F8 /* images */,
				45581F2F1C7E90CC00A86E3D /* sounds */,
				45581F011C7E90BC00A86E3D /* AppDelegate.swift */,
				45581F031C7E90BC00A86E3D /* ViewController.swift */,
				4599C8C01C7FF279008C9679 /* gameCompleteViewController.swift */,
				45581F051C7E90BD00A86E3D /* Main.storyboard */,
				45581F081C7E90BD00A86E3D /* Assets.xcassets */,
				45581F0A1C7E90BD00A86E3D /* LaunchScreen.storyboard */,
				45581F0D1C7E90BD00A86E3D /* Info.plist */,
			);
			path = alphabetMatching;
			sourceTree = "<group>";
		};
		45581F151C7E90BD00A86E3D /* alphabetMatchingTests */ = {
			isa = PBXGroup;
			children = (
				45581F161C7E90BD00A86E3D /* alphabetMatchingTests.swift */,
				45581F181C7E90BD00A86E3D /* Info.plist */,
			);
			path = alphabetMatchingTests;
			sourceTree = "<group>";
		};
		45581F201C7E90BD00A86E3D /* alphabetMatchingUITests */ = {
			isa = PBXGroup;
			children = (
				45581F211C7E90BD00A86E3D /* alphabetMatchingUITests.swift */,
				45581F231C7E90BD00A86E3D /* Info.plist */,
			);
			path = alphabetMatchingUITests;
			sourceTree = "<group>";
		};
		45581F2F1C7E90CC00A86E3D /* sounds */ = {
			isa = PBXGroup;
			children = (
				D6A02BE41C7EADEA000063F8 /* no.wav */,
				D6A02BAD1C7E9E9C000063F8 /* goodJob.wav */,
				D6A02BAE1C7E9E9C000063F8 /* nice.wav */,
				D6A02BAF1C7E9E9C000063F8 /* way2Go.wav */,
				D6A02BB01C7E9E9C000063F8 /* wow.wav */,
				D6A02BB11C7E9E9C000063F8 /* yeahCheer.wav */,
				D6A02BB21C7E9E9C000063F8 /* youDidIt.wav */,
				D6A02BAB1C7E9E60000063F8 /* incorrectSound.wav */,
			);
			name = sounds;
			sourceTree = "<group>";
		};
		D6A02BCF1C7EA377000063F8 /* images */ = {
			isa = PBXGroup;
			children = (
				D641CD0E1C810E3C00C0446E /* blank.png */,
				D6A02BE81C7EB157000063F8 /* beach.png */,
				D6A02BE61C7EAE7E000063F8 /* xWrong.png */,
				D6A02BD01C7EA382000063F8 /* shark.png */,
				D6A02BD11C7EA382000063F8 /* nemo2.png */,
				D6A02BD21C7EA382000063F8 /* seagull.png */,
				D6A02BD31C7EA382000063F8 /* lobster.png */,
				D6A02BD41C7EA382000063F8 /* octupus.png */,
				D6A02BD51C7EA382000063F8 /* seal.png */,
				D6A02BD61C7EA382000063F8 /* turtle.png */,
				D6A02BD71C7EA382000063F8 /* nemo.png */,
				D6A02BD81C7EA382000063F8 /* dolphin.png */,
				D6A02BD91C7EA382000063F8 /* seahorse.png */,
				4599C8C61C7FFD23008C9679 /* balloon1.tiff */,
				4599C8C71C7FFD23008C9679 /* balloon2.tiff */,
				4599C8C81C7FFD23008C9679 /* balloon3.tiff */,
				4599C8C91C7FFD23008C9679 /* balloon4.tiff */,
				4599C8C31C7FFD23008C9679 /* balloon5.tiff */,
				4599C8C41C7FFD23008C9679 /* balloon6.tiff */,
				4599C8C51C7FFD23008C9679 /* balloon7.tiff */,
				4599C8C21C7FFD23008C9679 /* balloon8.tiff */,
			);
			name = images;
			sourceTree = "<group>";
		};
/* End PBXGroup section */

/* Begin PBXNativeTarget section */
		45581EFD1C7E90BC00A86E3D /* alphabetMatching */ = {
			isa = PBXNativeTarget;
			buildConfigurationList = 45581F261C7E90BD00A86E3D /* Build configuration list for PBXNativeTarget "alphabetMatching" */;
			buildPhases = (
				45581EFA1C7E90BC00A86E3D /* Sources */,
				45581EFB1C7E90BC00A86E3D /* Frameworks */,
				45581EFC1C7E90BC00A86E3D /* Resources */,
			);
			buildRules = (
			);
			dependencies = (
			);
			name = alphabetMatching;
			productName = alphabetMatching;
			productReference = 45581EFE1C7E90BC00A86E3D /* alphabetMatching.app */;
			productType = "com.apple.product-type.application";
		};
		45581F111C7E90BD00A86E3D /* alphabetMatchingTests */ = {
			isa = PBXNativeTarget;
			buildConfigurationList = 45581F291C7E90BD00A86E3D /* Build configuration list for PBXNativeTarget "alphabetMatchingTests" */;
			buildPhases = (
				45581F0E1C7E90BD00A86E3D /* Sources */,
				45581F0F1C7E90BD00A86E3D /* Frameworks */,
				45581F101C7E90BD00A86E3D /* Resources */,
			);
			buildRules = (
			);
			dependencies = (
				45581F141C7E90BD00A86E3D /* PBXTargetDependency */,
			);
			name = alphabetMatchingTests;
			productName = alphabetMatchingTests;
			productReference = 45581F121C7E90BD00A86E3D /* alphabetMatchingTests.xctest */;
			productType = "com.apple.product-type.bundle.unit-test";
		};
		45581F1C1C7E90BD00A86E3D /* alphabetMatchingUITests */ = {
			isa = PBXNativeTarget;
			buildConfigurationList = 45581F2C1C7E90BD00A86E3D /* Build configuration list for PBXNativeTarget "alphabetMatchingUITests" */;
			buildPhases = (
				45581F191C7E90BD00A86E3D /* Sources */,
				45581F1A1C7E90BD00A86E3D /* Frameworks */,
				45581F1B1C7E90BD00A86E3D /* Resources */,
			);
			buildRules = (
			);
			dependencies = (
				45581F1F1C7E90BD00A86E3D /* PBXTargetDependency */,
			);
			name = alphabetMatchingUITests;
			productName = alphabetMatchingUITests;
			productReference = 45581F1D1C7E90BD00A86E3D /* alphabetMatchingUITests.xctest */;
			productType = "com.apple.product-type.bundle.ui-testing";
		};
/* End PBXNativeTarget section */

/* Begin PBXProject section */
		45581EF61C7E90BC00A86E3D /* Project object */ = {
			isa = PBXProject;
			attributes = {
				LastSwiftUpdateCheck = 0720;
				LastUpgradeCheck = 0720;
				ORGANIZATIONNAME = MacBook;
				TargetAttributes = {
					45581EFD1C7E90BC00A86E3D = {
						CreatedOnToolsVersion = 7.2.1;
					};
					45581F111C7E90BD00A86E3D = {
						CreatedOnToolsVersion = 7.2.1;
						TestTargetID = 45581EFD1C7E90BC00A86E3D;
					};
					45581F1C1C7E90BD00A86E3D = {
						CreatedOnToolsVersion = 7.2.1;
						TestTargetID = 45581EFD1C7E90BC00A86E3D;
					};
				};
			};
			buildConfigurationList = 45581EF91C7E90BC00A86E3D /* Build configuration list for PBXProject "alphabetMatching" */;
			compatibilityVersion = "Xcode 3.2";
			developmentRegion = English;
			hasScannedForEncodings = 0;
			knownRegions = (
				en,
				Base,
			);
			mainGroup = 45581EF51C7E90BC00A86E3D;
			productRefGroup = 45581EFF1C7E90BC00A86E3D /* Products */;
			projectDirPath = "";
			projectRoot = "";
			targets = (
				45581EFD1C7E90BC00A86E3D /* alphabetMatching */,
				45581F111C7E90BD00A86E3D /* alphabetMatchingTests */,
				45581F1C1C7E90BD00A86E3D /* alphabetMatchingUITests */,
			);
		};
/* End PBXProject section */

/* Begin PBXResourcesBuildPhase section */
		45581EFC1C7E90BC00A86E3D /* Resources */ = {
			isa = PBXResourcesBuildPhase;
			buildActionMask = 2147483647;
			files = (
				4599C8CF1C7FFD23008C9679 /* balloon2.tiff in Resources */,
				D6A02BE21C7EA382000063F8 /* dolphin.png in Resources */,
				D6A02BDC1C7EA382000063F8 /* seagull.png in Resources */,
				D6A02BE31C7EA382000063F8 /* seahorse.png in Resources */,
				D641CD0F1C810E3C00C0446E /* blank.png in Resources */,
				4599C8CA1C7FFD23008C9679 /* balloon8.tiff in Resources */,
				D6A02BE01C7EA382000063F8 /* turtle.png in Resources */,
				D6A02BB31C7E9E9C000063F8 /* goodJob.wav in Resources */,
				D6A02BB41C7E9E9C000063F8 /* nice.wav in Resources */,
				45581F0C1C7E90BD00A86E3D /* LaunchScreen.storyboard in Resources */,
				4599C8CE1C7FFD23008C9679 /* balloon1.tiff in Resources */,
				45581F091C7E90BD00A86E3D /* Assets.xcassets in Resources */,
				D6A02BDE1C7EA382000063F8 /* octupus.png in Resources */,
				D6A02BE51C7EADEA000063F8 /* no.wav in Resources */,
				4599C8CC1C7FFD23008C9679 /* balloon6.tiff in Resources */,
				D6A02BB51C7E9E9C000063F8 /* way2Go.wav in Resources */,
				D6A02BB81C7E9E9C000063F8 /* youDidIt.wav in Resources */,
				D6A02BAC1C7E9E60000063F8 /* incorrectSound.wav in Resources */,
				D6A02BDF1C7EA382000063F8 /* seal.png in Resources */,
				4599C8D11C7FFD23008C9679 /* balloon4.tiff in Resources */,
				4599C8D01C7FFD23008C9679 /* balloon3.tiff in Resources */,
				D6A02BE91C7EB157000063F8 /* beach.png in Resources */,
				D6A02BDB1C7EA382000063F8 /* nemo2.png in Resources */,
				4599C8CD1C7FFD23008C9679 /* balloon7.tiff in Resources */,
				D6A02BDA1C7EA382000063F8 /* shark.png in Resources */,
				D6A02BE71C7EAE7E000063F8 /* xWrong.png in Resources */,
				45581F071C7E90BD00A86E3D /* Main.storyboard in Resources */,
				D6A02BB61C7E9E9C000063F8 /* wow.wav in Resources */,
				D6A02BE11C7EA382000063F8 /* nemo.png in Resources */,
				D6A02BDD1C7EA382000063F8 /* lobster.png in Resources */,
				4599C8CB1C7FFD23008C9679 /* balloon5.tiff in Resources */,
				D6A02BB71C7E9E9C000063F8 /* yeahCheer.wav in Resources */,
			);
			runOnlyForDeploymentPostprocessing = 0;
		};
		45581F101C7E90BD00A86E3D /* Resources */ = {
			isa = PBXResourcesBuildPhase;
			buildActionMask = 2147483647;
			files = (
			);
			runOnlyForDeploymentPostprocessing = 0;
		};
		45581F1B1C7E90BD00A86E3D /* Resources */ = {
			isa = PBXResourcesBuildPhase;
			buildActionMask = 2147483647;
			files = (
			);
			runOnlyForDeploymentPostprocessing = 0;
		};
/* End PBXResourcesBuildPhase section */

/* Begin PBXSourcesBuildPhase section */
		45581EFA1C7E90BC00A86E3D /* Sources */ = {
			isa = PBXSourcesBuildPhase;
			buildActionMask = 2147483647;
			files = (
				45581F041C7E90BC00A86E3D /* ViewController.swift in Sources */,
				D6A02BAA1C7E9E18000063F8 /* AVAudioPlayerPool.swift in Sources */,
				4599C8C11C7FF279008C9679 /* gameCompleteViewController.swift in Sources */,
				45581F021C7E90BC00A86E3D /* AppDelegate.swift in Sources */,
			);
			runOnlyForDeploymentPostprocessing = 0;
		};
		45581F0E1C7E90BD00A86E3D /* Sources */ = {
			isa = PBXSourcesBuildPhase;
			buildActionMask = 2147483647;
			files = (
				45581F171C7E90BD00A86E3D /* alphabetMatchingTests.swift in Sources */,
			);
			runOnlyForDeploymentPostprocessing = 0;
		};
		45581F191C7E90BD00A86E3D /* Sources */ = {
			isa = PBXSourcesBuildPhase;
			buildActionMask = 2147483647;
			files = (
				45581F221C7E90BD00A86E3D /* alphabetMatchingUITests.swift in Sources */,
			);
			runOnlyForDeploymentPostprocessing = 0;
		};
/* End PBXSourcesBuildPhase section */

/* Begin PBXTargetDependency section */
		45581F141C7E90BD00A86E3D /* PBXTargetDependency */ = {
			isa = PBXTargetDependency;
			target = 45581EFD1C7E90BC00A86E3D /* alphabetMatching */;
			targetProxy = 45581F131C7E90BD00A86E3D /* PBXContainerItemProxy */;
		};
		45581F1F1C7E90BD00A86E3D /* PBXTargetDependency */ = {
			isa = PBXTargetDependency;
			target = 45581EFD1C7E90BC00A86E3D /* alphabetMatching */;
			targetProxy = 45581F1E1C7E90BD00A86E3D /* PBXContainerItemProxy */;
		};
/* End PBXTargetDependency section */

/* Begin PBXVariantGroup section */
		45581F051C7E90BD00A86E3D /* Main.storyboard */ = {
			isa = PBXVariantGroup;
			children = (
				45581F061C7E90BD00A86E3D /* Base */,
			);
			name = Main.storyboard;
			sourceTree = "<group>";
		};
		45581F0A1C7E90BD00A86E3D /* LaunchScreen.storyboard */ = {
			isa = PBXVariantGroup;
			children = (
				45581F0B1C7E90BD00A86E3D /* Base */,
			);
			name = LaunchScreen.storyboard;
			sourceTree = "<group>";
		};
/* End PBXVariantGroup section */

/* Begin XCBuildConfiguration section */
		45581F241C7E90BD00A86E3D /* Debug */ = {
			isa = XCBuildConfiguration;
			buildSettings = {
				ALWAYS_SEARCH_USER_PATHS = NO;
				CLANG_CXX_LANGUAGE_STANDARD = "gnu++0x";
				CLANG_CXX_LIBRARY = "libc++";
				CLANG_ENABLE_MODULES = YES;
				CLANG_ENABLE_OBJC_ARC = YES;
				CLANG_WARN_BOOL_CONVERSION = YES;
				CLANG_WARN_CONSTANT_CONVERSION = YES;
				CLANG_WARN_DIRECT_OBJC_ISA_USAGE = YES_ERROR;
				CLANG_WARN_EMPTY_BODY = YES;
				CLANG_WARN_ENUM_CONVERSION = YES;
				CLANG_WARN_INT_CONVERSION = YES;
				CLANG_WARN_OBJC_ROOT_CLASS = YES_ERROR;
				CLANG_WARN_UNREACHABLE_CODE = YES;
				CLANG_WARN__DUPLICATE_METHOD_MATCH = YES;
				"CODE_SIGN_IDENTITY[sdk=iphoneos*]" = "iPhone Developer";
				COPY_PHASE_STRIP = NO;
				DEBUG_INFORMATION_FORMAT = dwarf;
				ENABLE_STRICT_OBJC_MSGSEND = YES;
				ENABLE_TESTABILITY = YES;
				GCC_C_LANGUAGE_STANDARD = gnu99;
				GCC_DYNAMIC_NO_PIC = NO;
				GCC_NO_COMMON_BLOCKS = YES;
				GCC_OPTIMIZATION_LEVEL = 0;
				GCC_PREPROCESSOR_DEFINITIONS = (
					"DEBUG=1",
					"$(inherited)",
				);
				GCC_WARN_64_TO_32_BIT_CONVERSION = YES;
				GCC_WARN_ABOUT_RETURN_TYPE = YES_ERROR;
				GCC_WARN_UNDECLARED_SELECTOR = YES;
				GCC_WARN_UNINITIALIZED_AUTOS = YES_AGGRESSIVE;
				GCC_WARN_UNUSED_FUNCTION = YES;
				GCC_WARN_UNUSED_VARIABLE = YES;
				IPHONEOS_DEPLOYMENT_TARGET = 9.2;
				MTL_ENABLE_DEBUG_INFO = YES;
				ONLY_ACTIVE_ARCH = YES;
				SDKROOT = iphoneos;
				SWIFT_OPTIMIZATION_LEVEL = "-Onone";
				TARGETED_DEVICE_FAMILY = "1,2";
			};
			name = Debug;
		};
		45581F251C7E90BD00A86E3D /* Release */ = {
			isa = XCBuildConfiguration;
			buildSettings = {
				ALWAYS_SEARCH_USER_PATHS = NO;
				CLANG_CXX_LANGUAGE_STANDARD = "gnu++0x";
				CLANG_CXX_LIBRARY = "libc++";
				CLANG_ENABLE_MODULES = YES;
				CLANG_ENABLE_OBJC_ARC = YES;
				CLANG_WARN_BOOL_CONVERSION = YES;
				CLANG_WARN_CONSTANT_CONVERSION = YES;
				CLANG_WARN_DIRECT_OBJC_ISA_USAGE = YES_ERROR;
				CLANG_WARN_EMPTY_BODY = YES;
				CLANG_WARN_ENUM_CONVERSION = YES;
				CLANG_WARN_INT_CONVERSION = YES;
				CLANG_WARN_OBJC_ROOT_CLASS = YES_ERROR;
				CLANG_WARN_UNREACHABLE_CODE = YES;
				CLANG_WARN__DUPLICATE_METHOD_MATCH = YES;
				"CODE_SIGN_IDENTITY[sdk=iphoneos*]" = "iPhone Developer";
				COPY_PHASE_STRIP = NO;
				DEBUG_INFORMATION_FORMAT = "dwarf-with-dsym";
				ENABLE_NS_ASSERTIONS = NO;
				ENABLE_STRICT_OBJC_MSGSEND = YES;
				GCC_C_LANGUAGE_STANDARD = gnu99;
				GCC_NO_COMMON_BLOCKS = YES;
				GCC_WARN_64_TO_32_BIT_CONVERSION = YES;
				GCC_WARN_ABOUT_RETURN_TYPE = YES_ERROR;
				GCC_WARN_UNDECLARED_SELECTOR = YES;
				GCC_WARN_UNINITIALIZED_AUTOS = YES_AGGRESSIVE;
				GCC_WARN_UNUSED_FUNCTION = YES;
				GCC_WARN_UNUSED_VARIABLE = YES;
				IPHONEOS_DEPLOYMENT_TARGET = 9.2;
				MTL_ENABLE_DEBUG_INFO = NO;
				SDKROOT = iphoneos;
				TARGETED_DEVICE_FAMILY = "1,2";
				VALIDATE_PRODUCT = YES;
			};
			name = Release;
		};
		45581F271C7E90BD00A86E3D /* Debug */ = {
			isa = XCBuildConfiguration;
			buildSettings = {
				ASSETCATALOG_COMPILER_APPICON_NAME = AppIcon;
				INFOPLIST_FILE = alphabetMatching/Info.plist;
				LD_RUNPATH_SEARCH_PATHS = "$(inherited) @executable_path/Frameworks";
				PRODUCT_BUNDLE_IDENTIFIER = com.nadiasule.alphabetMatching;
				PRODUCT_NAME = "$(TARGET_NAME)";
			};
			name = Debug;
		};
		45581F281C7E90BD00A86E3D /* Release */ = {
			isa = XCBuildConfiguration;
			buildSettings = {
				ASSETCATALOG_COMPILER_APPICON_NAME = AppIcon;
				INFOPLIST_FILE = alphabetMatching/Info.plist;
				LD_RUNPATH_SEARCH_PATHS = "$(inherited) @executable_path/Frameworks";
				PRODUCT_BUNDLE_IDENTIFIER = com.nadiasule.alphabetMatching;
				PRODUCT_NAME = "$(TARGET_NAME)";
			};
			name = Release;
		};
		45581F2A1C7E90BD00A86E3D /* Debug */ = {
			isa = XCBuildConfiguration;
			buildSettings = {
				BUNDLE_LOADER = "$(TEST_HOST)";
				INFOPLIST_FILE = alphabetMatchingTests/Info.plist;
				LD_RUNPATH_SEARCH_PATHS = "$(inherited) @executable_path/Frameworks @loader_path/Frameworks";
				PRODUCT_BUNDLE_IDENTIFIER = com.nadiasule.alphabetMatchingTests;
				PRODUCT_NAME = "$(TARGET_NAME)";
				TEST_HOST = "$(BUILT_PRODUCTS_DIR)/alphabetMatching.app/alphabetMatching";
			};
			name = Debug;
		};
		45581F2B1C7E90BD00A86E3D /* Release */ = {
			isa = XCBuildConfiguration;
			buildSettings = {
				BUNDLE_LOADER = "$(TEST_HOST)";
				INFOPLIST_FILE = alphabetMatchingTests/Info.plist;
				LD_RUNPATH_SEARCH_PATHS = "$(inherited) @executable_path/Frameworks @loader_path/Frameworks";
				PRODUCT_BUNDLE_IDENTIFIER = com.nadiasule.alphabetMatchingTests;
				PRODUCT_NAME = "$(TARGET_NAME)";
				TEST_HOST = "$(BUILT_PRODUCTS_DIR)/alphabetMatching.app/alphabetMatching";
			};
			name = Release;
		};
		45581F2D1C7E90BD00A86E3D /* Debug */ = {
			isa = XCBuildConfiguration;
			buildSettings = {
				INFOPLIST_FILE = alphabetMatchingUITests/Info.plist;
				LD_RUNPATH_SEARCH_PATHS = "$(inherited) @executable_path/Frameworks @loader_path/Frameworks";
				PRODUCT_BUNDLE_IDENTIFIER = com.nadiasule.alphabetMatchingUITests;
				PRODUCT_NAME = "$(TARGET_NAME)";
				TEST_TARGET_NAME = alphabetMatching;
				USES_XCTRUNNER = YES;
			};
			name = Debug;
		};
		45581F2E1C7E90BD00A86E3D /* Release */ = {
			isa = XCBuildConfiguration;
			buildSettings = {
				INFOPLIST_FILE = alphabetMatchingUITests/Info.plist;
				LD_RUNPATH_SEARCH_PATHS = "$(inherited) @executable_path/Frameworks @loader_path/Frameworks";
				PRODUCT_BUNDLE_IDENTIFIER = com.nadiasule.alphabetMatchingUITests;
				PRODUCT_NAME = "$(TARGET_NAME)";
				TEST_TARGET_NAME = alphabetMatching;
				USES_XCTRUNNER = YES;
			};
			name = Release;
		};
/* End XCBuildConfiguration section */

/* Begin XCConfigurationList section */
		45581EF91C7E90BC00A86E3D /* Build configuration list for PBXProject "alphabetMatching" */ = {
			isa = XCConfigurationList;
			buildConfigurations = (
				45581F241C7E90BD00A86E3D /* Debug */,
				45581F251C7E90BD00A86E3D /* Release */,
			);
			defaultConfigurationIsVisible = 0;
			defaultConfigurationName = Release;
		};
		45581F261C7E90BD00A86E3D /* Build configuration list for PBXNativeTarget "alphabetMatching" */ = {
			isa = XCConfigurationList;
			buildConfigurations = (
				45581F271C7E90BD00A86E3D /* Debug */,
				45581F281C7E90BD00A86E3D /* Release */,
			);
			defaultConfigurationIsVisible = 0;
			defaultConfigurationName = Release;
		};
		45581F291C7E90BD00A86E3D /* Build configuration list for PBXNativeTarget "alphabetMatchingTests" */ = {
			isa = XCConfigurationList;
			buildConfigurations = (
				45581F2A1C7E90BD00A86E3D /* Debug */,
				45581F2B1C7E90BD00A86E3D /* Release */,
			);
			defaultConfigurationIsVisible = 0;
			defaultConfigurationName = Release;
		};
		45581F2C1C7E90BD00A86E3D /* Build configuration list for PBXNativeTarget "alphabetMatchingUITests" */ = {
			isa = XCConfigurationList;
			buildConfigurations = (
				45581F2D1C7E90BD00A86E3D /* Debug */,
				45581F2E1C7E90BD00A86E3D /* Release */,
			);
			defaultConfigurationIsVisible = 0;
			defaultConfigurationName = Release;
		};
/* End XCConfigurationList section */
	};
	rootObject = 45581EF61C7E90BC00A86E3D /* Project object */;
}
